
Microsoft Visual Studio Solution File, Format Version 12.00
# Visual Studio 15
VisualStudioVersion = 15.0.27428.2015
MinimumVisualStudioVersion = 10.0.40219.1
Project("{FAE04EC0-301F-11D3-BF4B-00C04F79EFBC}") = "OdeToFood", "OdeToFood\OdeToFood.csproj", "{FFEDA41E-A0EF-48B9-AB7B-ED5BA2F270D4}"
EndProject
Project("{FAE04EC0-301F-11D3-BF4B-00C04F79EFBC}") = "OdeToFood.Tests", "OdeToFood.Tests\OdeToFood.Tests.csproj", "{07B3C20F-87EB-4775-A926-83E8BD281CCE}"
EndProject
Global
	GlobalSection(SolutionConfigurationPlatforms) = preSolution
		Debug|Any CPU = Debug|Any CPU
		Release|Any CPU = Release|Any CPU
	EndGlobalSection
	GlobalSection(ProjectConfigurationPlatforms) = postSolution
		{FFEDA41E-A0EF-48B9-AB7B-ED5BA2F270D4}.Debug|Any CPU.ActiveCfg = Debug|Any CPU
		{FFEDA41E-A0EF-48B9-AB7B-ED5BA2F270D4}.Debug|Any CPU.Build.0 = Debug|Any CPU
		{FFEDA41E-A0EF-48B9-AB7B-ED5BA2F270D4}.Release|Any CPU.ActiveCfg = Release|Any CPU
		{FFEDA41E-A0EF-48B9-AB7B-ED5BA2F270D4}.Release|Any CPU.Build.0 = Release|Any CPU
		{07B3C20F-87EB-4775-A926-83E8BD281CCE}.Debug|Any CPU.ActiveCfg = Debug|Any CPU
		{07B3C20F-87EB-4775-A926-83E8BD281CCE}.Debug|Any CPU.Build.0 = Debug|Any CPU
		{07B3C20F-87EB-4775-A926-83E8BD281CCE}.Release|Any CPU.ActiveCfg = Release|Any CPU
		{07B3C20F-87EB-4775-A926-83E8BD281CCE}.Release|Any CPU.Build.0 = Release|Any CPU
	EndGlobalSection
	GlobalSection(SolutionProperties) = preSolution
		HideSolutionNode = FALSE
	EndGlobalSection
	GlobalSection(ExtensibilityGlobals) = postSolution
		SolutionGuid = {F15023B5-28DA-448F-9792-8D84A018FD1A}
	EndGlobalSection
EndGlobal
